
Microsoft Visual Studio Solution File, Format Version 12.00
# Visual Studio 15
VisualStudioVersion = 15.0.27130.2036
MinimumVisualStudioVersion = 10.0.40219.1
Project("{FAE04EC0-301F-11D3-BF4B-00C04F79EFBC}") = "WebApplication29", "WebApplication29\WebApplication29.csproj", "{1CACE125-A0E9-47E5-A1A9-BE561EEFF132}"
EndProject
Global
	GlobalSection(SolutionConfigurationPlatforms) = preSolution
		Debug|Any CPU = Debug|Any CPU
		Release|Any CPU = Release|Any CPU
	EndGlobalSection
	GlobalSection(ProjectConfigurationPlatforms) = postSolution
		{1CACE125-A0E9-47E5-A1A9-BE561EEFF132}.Debug|Any CPU.ActiveCfg = Debug|Any CPU
		{1CACE125-A0E9-47E5-A1A9-BE561EEFF132}.Debug|Any CPU.Build.0 = Debug|Any CPU
		{1CACE125-A0E9-47E5-A1A9-BE561EEFF132}.Release|Any CPU.ActiveCfg = Release|Any CPU
		{1CACE125-A0E9-47E5-A1A9-BE561EEFF132}.Release|Any CPU.Build.0 = Release|Any CPU
	EndGlobalSection
	GlobalSection(SolutionProperties) = preSolution
		HideSolutionNode = FALSE
	EndGlobalSection
	GlobalSection(ExtensibilityGlobals) = postSolution
		SolutionGuid = {666FE31C-12F7-48DF-83A2-123EE536D3EE}
	EndGlobalSection
EndGlobal
